
Microsoft Visual Studio Solution File, Format Version 12.00
# Visual Studio Version 17
VisualStudioVersion = 17.5.2.0
MinimumVisualStudioVersion = 10.0.40219.1
Project("{FAE04EC0-301F-11D3-BF4B-00C04F79EFBC}") = "ChoreDashboard", "ChoreDashboard.csproj", "{32B529A3-CEEB-C729-2DD7-05BFC685DB1D}"
EndProject
Project("{FAE04EC0-301F-11D3-BF4B-00C04F79EFBC}") = "ChoreDashboard.Api", "ChoreDashboard.Api\ChoreDashboard.Api.csproj", "{922EDF9F-B72A-48EE-B258-E6572664218E}"
EndProject
Global
	GlobalSection(SolutionConfigurationPlatforms) = preSolution
		Debug|Any CPU = Debug|Any CPU
		Debug|x64 = Debug|x64
		Debug|x86 = Debug|x86
		Release|Any CPU = Release|Any CPU
		Release|x64 = Release|x64
		Release|x86 = Release|x86
	EndGlobalSection
	GlobalSection(ProjectConfigurationPlatforms) = postSolution
		{32B529A3-CEEB-C729-2DD7-05BFC685DB1D}.Debug|Any CPU.ActiveCfg = Debug|Any CPU
		{32B529A3-CEEB-C729-2DD7-05BFC685DB1D}.Debug|Any CPU.Build.0 = Debug|Any CPU
		{32B529A3-CEEB-C729-2DD7-05BFC685DB1D}.Debug|x64.ActiveCfg = Debug|Any CPU
		{32B529A3-CEEB-C729-2DD7-05BFC685DB1D}.Debug|x64.Build.0 = Debug|Any CPU
		{32B529A3-CEEB-C729-2DD7-05BFC685DB1D}.Debug|x86.ActiveCfg = Debug|Any CPU
		{32B529A3-CEEB-C729-2DD7-05BFC685DB1D}.Debug|x86.Build.0 = Debug|Any CPU
		{32B529A3-CEEB-C729-2DD7-05BFC685DB1D}.Release|Any CPU.ActiveCfg = Release|Any CPU
		{32B529A3-CEEB-C729-2DD7-05BFC685DB1D}.Release|Any CPU.Build.0 = Release|Any CPU
		{32B529A3-CEEB-C729-2DD7-05BFC685DB1D}.Release|x64.ActiveCfg = Release|Any CPU
		{32B529A3-CEEB-C729-2DD7-05BFC685DB1D}.Release|x64.Build.0 = Release|Any CPU
		{32B529A3-CEEB-C729-2DD7-05BFC685DB1D}.Release|x86.ActiveCfg = Release|Any CPU
		{32B529A3-CEEB-C729-2DD7-05BFC685DB1D}.Release|x86.Build.0 = Release|Any CPU
		{922EDF9F-B72A-48EE-B258-E6572664218E}.Debug|Any CPU.ActiveCfg = Debug|Any CPU
		{922EDF9F-B72A-48EE-B258-E6572664218E}.Debug|Any CPU.Build.0 = Debug|Any CPU
		{922EDF9F-B72A-48EE-B258-E6572664218E}.Debug|x64.ActiveCfg = Debug|Any CPU
		{922EDF9F-B72A-48EE-B258-E6572664218E}.Debug|x64.Build.0 = Debug|Any CPU
		{922EDF9F-B72A-48EE-B258-E6572664218E}.Debug|x86.ActiveCfg = Debug|Any CPU
		{922EDF9F-B72A-48EE-B258-E6572664218E}.Debug|x86.Build.0 = Debug|Any CPU
		{922EDF9F-B72A-48EE-B258-E6572664218E}.Release|Any CPU.ActiveCfg = Release|Any CPU
		{922EDF9F-B72A-48EE-B258-E6572664218E}.Release|Any CPU.Build.0 = Release|Any CPU
		{922EDF9F-B72A-48EE-B258-E6572664218E}.Release|x64.ActiveCfg = Release|Any CPU
		{922EDF9F-B72A-48EE-B258-E6572664218E}.Release|x64.Build.0 = Release|Any CPU
		{922EDF9F-B72A-48EE-B258-E6572664218E}.Release|x86.ActiveCfg = Release|Any CPU
		{922EDF9F-B72A-48EE-B258-E6572664218E}.Release|x86.Build.0 = Release|Any CPU
	EndGlobalSection
	GlobalSection(SolutionProperties) = preSolution
		HideSolutionNode = FALSE
	EndGlobalSection
	GlobalSection(ExtensibilityGlobals) = postSolution
		SolutionGuid = {ADDA7BD7-6A30-4FC0-8AFD-3FD5F313A98F}
	EndGlobalSection
EndGlobal
